
Microsoft Visual Studio Solution File, Format Version 12.00
# Visual Studio Version 16
VisualStudioVersion = 16.0.30320.27
MinimumVisualStudioVersion = 10.0.40219.1
Project("{9A19103F-16F7-4668-BE54-9A1E7A4F7556}") = "RetailIM.WebApi", "src\RetailIM.WebApi\RetailIM.WebApi.csproj", "{6364A872-3E2E-451F-8528-D5116A4CE4EF}"
EndProject
Project("{2150E333-8FDC-42A3-9474-1A3956D46DE8}") = "src", "src", "{B0E39732-951B-447C-887C-1366A1059586}"
EndProject
Project("{2150E333-8FDC-42A3-9474-1A3956D46DE8}") = "test", "test", "{AA32D462-6796-408F-B963-87960815DA9A}"
EndProject
Project("{2150E333-8FDC-42A3-9474-1A3956D46DE8}") = "Shared", "Shared", "{87C43FC6-80A7-4801-A622-69CC08FAFEED}"
EndProject
Project("{9A19103F-16F7-4668-BE54-9A1E7A4F7556}") = "Shared.MessageBus", "src\Shared.MessageBus\Shared.MessageBus.csproj", "{C89FA7C5-AAB8-494A-8753-24001D5248CE}"
EndProject
Project("{9A19103F-16F7-4668-BE54-9A1E7A4F7556}") = "RetailIM.Data", "src\RetailIM.Data\RetailIM.Data.csproj", "{B4DB8820-E114-4311-BC0A-1FCDE36DEEA1}"
EndProject
Project("{9A19103F-16F7-4668-BE54-9A1E7A4F7556}") = "RetailIM.Services", "src\RetailIM.Services\RetailIM.Services.csproj", "{49ABA4CD-2FDB-453F-AD14-77A9AD491427}"
EndProject
Project("{9A19103F-16F7-4668-BE54-9A1E7A4F7556}") = "RetailIM.ServicesDependencies", "src\RetailIM.ServicesDependencies\RetailIM.ServicesDependencies.csproj", "{CA48ADFD-CB14-4AF9-8534-04533417DFF9}"
EndProject
Project("{9A19103F-16F7-4668-BE54-9A1E7A4F7556}") = "RetailIM.Model", "src\RetailIM.Model\RetailIM.Model.csproj", "{4B355B2A-4D5D-4EA3-9C1D-E8EECC84C385}"
EndProject
Project("{9A19103F-16F7-4668-BE54-9A1E7A4F7556}") = "Shared.ROP", "src\Shared.ROP\Shared.ROP.csproj", "{98F14B2B-CF5C-4F75-8BB3-794CF4E8CCA2}"
EndProject
Project("{9A19103F-16F7-4668-BE54-9A1E7A4F7556}") = "RetailIM.UnitTest", "test\RetailIM.UnitTest\RetailIM.UnitTest.csproj", "{73E87669-C3D5-43EC-B411-6CD1E0A23EB2}"
EndProject
Project("{9A19103F-16F7-4668-BE54-9A1E7A4F7556}") = "Shared.Data", "src\Shared.Data\Shared.Data.csproj", "{DCA4C063-64E4-46F1-8068-03C8405E9BB6}"
EndProject
Project("{9A19103F-16F7-4668-BE54-9A1E7A4F7556}") = "RetailIM.IntegrationTest", "test\RetailIM.IntegrationTest\RetailIM.IntegrationTest.csproj", "{D42156B0-0982-4E40-AE5F-C8B80552AB63}"
EndProject
Project("{9A19103F-16F7-4668-BE54-9A1E7A4F7556}") = "Shared.Common", "src\Shared.Common\Shared.Common.csproj", "{42E994C0-201A-4E7C-93DC-DC29F3A904F5}"
EndProject
Project("{9A19103F-16F7-4668-BE54-9A1E7A4F7556}") = "RetailIM.OrderMS", "src\RetailIM.OrderMS\RetailIM.OrderMS.csproj", "{F7D259DF-F7C1-4175-8ACC-1AF928E82AB1}"
EndProject
Project("{FAE04EC0-301F-11D3-BF4B-00C04F79EFBC}") = "RetailIM.OrderMS.BackgroundWorkers", "src\RetailIM.OrderMS.BackgroundWorkers\RetailIM.OrderMS.BackgroundWorkers.csproj", "{C09B7C74-B716-4CA7-B16A-11997B35D63B}"
EndProject
Project("{FAE04EC0-301F-11D3-BF4B-00C04F79EFBC}") = "RetailIM.WebApi.Dispatcher", "src\RetailIM.WebApi.Dispatcher\RetailIM.WebApi.Dispatcher.csproj", "{EC519C1C-858A-41EC-8F3F-2C41A02CAEB4}"
EndProject
Global
	GlobalSection(SolutionConfigurationPlatforms) = preSolution
		Debug|Any CPU = Debug|Any CPU
		Release|Any CPU = Release|Any CPU
	EndGlobalSection
	GlobalSection(ProjectConfigurationPlatforms) = postSolution
		{6364A872-3E2E-451F-8528-D5116A4CE4EF}.Debug|Any CPU.ActiveCfg = Debug|Any CPU
		{6364A872-3E2E-451F-8528-D5116A4CE4EF}.Debug|Any CPU.Build.0 = Debug|Any CPU
		{6364A872-3E2E-451F-8528-D5116A4CE4EF}.Release|Any CPU.ActiveCfg = Release|Any CPU
		{6364A872-3E2E-451F-8528-D5116A4CE4EF}.Release|Any CPU.Build.0 = Release|Any CPU
		{C89FA7C5-AAB8-494A-8753-24001D5248CE}.Debug|Any CPU.ActiveCfg = Debug|Any CPU
		{C89FA7C5-AAB8-494A-8753-24001D5248CE}.Debug|Any CPU.Build.0 = Debug|Any CPU
		{C89FA7C5-AAB8-494A-8753-24001D5248CE}.Release|Any CPU.ActiveCfg = Release|Any CPU
		{C89FA7C5-AAB8-494A-8753-24001D5248CE}.Release|Any CPU.Build.0 = Release|Any CPU
		{B4DB8820-E114-4311-BC0A-1FCDE36DEEA1}.Debug|Any CPU.ActiveCfg = Debug|Any CPU
		{B4DB8820-E114-4311-BC0A-1FCDE36DEEA1}.Debug|Any CPU.Build.0 = Debug|Any CPU
		{B4DB8820-E114-4311-BC0A-1FCDE36DEEA1}.Release|Any CPU.ActiveCfg = Release|Any CPU
		{B4DB8820-E114-4311-BC0A-1FCDE36DEEA1}.Release|Any CPU.Build.0 = Release|Any CPU
		{49ABA4CD-2FDB-453F-AD14-77A9AD491427}.Debug|Any CPU.ActiveCfg = Debug|Any CPU
		{49ABA4CD-2FDB-453F-AD14-77A9AD491427}.Debug|Any CPU.Build.0 = Debug|Any CPU
		{49ABA4CD-2FDB-453F-AD14-77A9AD491427}.Release|Any CPU.ActiveCfg = Release|Any CPU
		{49ABA4CD-2FDB-453F-AD14-77A9AD491427}.Release|Any CPU.Build.0 = Release|Any CPU
		{CA48ADFD-CB14-4AF9-8534-04533417DFF9}.Debug|Any CPU.ActiveCfg = Debug|Any CPU
		{CA48ADFD-CB14-4AF9-8534-04533417DFF9}.Debug|Any CPU.Build.0 = Debug|Any CPU
		{CA48ADFD-CB14-4AF9-8534-04533417DFF9}.Release|Any CPU.ActiveCfg = Release|Any CPU
		{CA48ADFD-CB14-4AF9-8534-04533417DFF9}.Release|Any CPU.Build.0 = Release|Any CPU
		{4B355B2A-4D5D-4EA3-9C1D-E8EECC84C385}.Debug|Any CPU.ActiveCfg = Debug|Any CPU
		{4B355B2A-4D5D-4EA3-9C1D-E8EECC84C385}.Debug|Any CPU.Build.0 = Debug|Any CPU
		{4B355B2A-4D5D-4EA3-9C1D-E8EECC84C385}.Release|Any CPU.ActiveCfg = Release|Any CPU
		{4B355B2A-4D5D-4EA3-9C1D-E8EECC84C385}.Release|Any CPU.Build.0 = Release|Any CPU
		{98F14B2B-CF5C-4F75-8BB3-794CF4E8CCA2}.Debug|Any CPU.ActiveCfg = Debug|Any CPU
		{98F14B2B-CF5C-4F75-8BB3-794CF4E8CCA2}.Debug|Any CPU.Build.0 = Debug|Any CPU
		{98F14B2B-CF5C-4F75-8BB3-794CF4E8CCA2}.Release|Any CPU.ActiveCfg = Release|Any CPU
		{98F14B2B-CF5C-4F75-8BB3-794CF4E8CCA2}.Release|Any CPU.Build.0 = Release|Any CPU
		{73E87669-C3D5-43EC-B411-6CD1E0A23EB2}.Debug|Any CPU.ActiveCfg = Debug|Any CPU
		{73E87669-C3D5-43EC-B411-6CD1E0A23EB2}.Debug|Any CPU.Build.0 = Debug|Any CPU
		{73E87669-C3D5-43EC-B411-6CD1E0A23EB2}.Release|Any CPU.ActiveCfg = Release|Any CPU
		{73E87669-C3D5-43EC-B411-6CD1E0A23EB2}.Release|Any CPU.Build.0 = Release|Any CPU
		{DCA4C063-64E4-46F1-8068-03C8405E9BB6}.Debug|Any CPU.ActiveCfg = Debug|Any CPU
		{DCA4C063-64E4-46F1-8068-03C8405E9BB6}.Debug|Any CPU.Build.0 = Debug|Any CPU
		{DCA4C063-64E4-46F1-8068-03C8405E9BB6}.Release|Any CPU.ActiveCfg = Release|Any CPU
		{DCA4C063-64E4-46F1-8068-03C8405E9BB6}.Release|Any CPU.Build.0 = Release|Any CPU
		{D42156B0-0982-4E40-AE5F-C8B80552AB63}.Debug|Any CPU.ActiveCfg = Debug|Any CPU
		{D42156B0-0982-4E40-AE5F-C8B80552AB63}.Debug|Any CPU.Build.0 = Debug|Any CPU
		{D42156B0-0982-4E40-AE5F-C8B80552AB63}.Release|Any CPU.ActiveCfg = Release|Any CPU
		{D42156B0-0982-4E40-AE5F-C8B80552AB63}.Release|Any CPU.Build.0 = Release|Any CPU
		{42E994C0-201A-4E7C-93DC-DC29F3A904F5}.Debug|Any CPU.ActiveCfg = Debug|Any CPU
		{42E994C0-201A-4E7C-93DC-DC29F3A904F5}.Debug|Any CPU.Build.0 = Debug|Any CPU
		{42E994C0-201A-4E7C-93DC-DC29F3A904F5}.Release|Any CPU.ActiveCfg = Release|Any CPU
		{42E994C0-201A-4E7C-93DC-DC29F3A904F5}.Release|Any CPU.Build.0 = Release|Any CPU
		{F7D259DF-F7C1-4175-8ACC-1AF928E82AB1}.Debug|Any CPU.ActiveCfg = Debug|Any CPU
		{F7D259DF-F7C1-4175-8ACC-1AF928E82AB1}.Debug|Any CPU.Build.0 = Debug|Any CPU
		{F7D259DF-F7C1-4175-8ACC-1AF928E82AB1}.Release|Any CPU.ActiveCfg = Release|Any CPU
		{F7D259DF-F7C1-4175-8ACC-1AF928E82AB1}.Release|Any CPU.Build.0 = Release|Any CPU
		{C09B7C74-B716-4CA7-B16A-11997B35D63B}.Debug|Any CPU.ActiveCfg = Debug|Any CPU
		{C09B7C74-B716-4CA7-B16A-11997B35D63B}.Debug|Any CPU.Build.0 = Debug|Any CPU
		{C09B7C74-B716-4CA7-B16A-11997B35D63B}.Release|Any CPU.ActiveCfg = Release|Any CPU
		{C09B7C74-B716-4CA7-B16A-11997B35D63B}.Release|Any CPU.Build.0 = Release|Any CPU
		{EC519C1C-858A-41EC-8F3F-2C41A02CAEB4}.Debug|Any CPU.ActiveCfg = Debug|Any CPU
		{EC519C1C-858A-41EC-8F3F-2C41A02CAEB4}.Debug|Any CPU.Build.0 = Debug|Any CPU
		{EC519C1C-858A-41EC-8F3F-2C41A02CAEB4}.Release|Any CPU.ActiveCfg = Release|Any CPU
		{EC519C1C-858A-41EC-8F3F-2C41A02CAEB4}.Release|Any CPU.Build.0 = Release|Any CPU
	EndGlobalSection
	GlobalSection(SolutionProperties) = preSolution
		HideSolutionNode = FALSE
	EndGlobalSection
	GlobalSection(NestedProjects) = preSolution
		{6364A872-3E2E-451F-8528-D5116A4CE4EF} = {B0E39732-951B-447C-887C-1366A1059586}
		{C89FA7C5-AAB8-494A-8753-24001D5248CE} = {87C43FC6-80A7-4801-A622-69CC08FAFEED}
		{B4DB8820-E114-4311-BC0A-1FCDE36DEEA1} = {B0E39732-951B-447C-887C-1366A1059586}
		{49ABA4CD-2FDB-453F-AD14-77A9AD491427} = {B0E39732-951B-447C-887C-1366A1059586}
		{CA48ADFD-CB14-4AF9-8534-04533417DFF9} = {B0E39732-951B-447C-887C-1366A1059586}
		{4B355B2A-4D5D-4EA3-9C1D-E8EECC84C385} = {B0E39732-951B-447C-887C-1366A1059586}
		{98F14B2B-CF5C-4F75-8BB3-794CF4E8CCA2} = {87C43FC6-80A7-4801-A622-69CC08FAFEED}
		{73E87669-C3D5-43EC-B411-6CD1E0A23EB2} = {AA32D462-6796-408F-B963-87960815DA9A}
		{DCA4C063-64E4-46F1-8068-03C8405E9BB6} = {87C43FC6-80A7-4801-A622-69CC08FAFEED}
		{D42156B0-0982-4E40-AE5F-C8B80552AB63} = {AA32D462-6796-408F-B963-87960815DA9A}
		{42E994C0-201A-4E7C-93DC-DC29F3A904F5} = {87C43FC6-80A7-4801-A622-69CC08FAFEED}
		{F7D259DF-F7C1-4175-8ACC-1AF928E82AB1} = {B0E39732-951B-447C-887C-1366A1059586}
		{C09B7C74-B716-4CA7-B16A-11997B35D63B} = {B0E39732-951B-447C-887C-1366A1059586}
		{EC519C1C-858A-41EC-8F3F-2C41A02CAEB4} = {B0E39732-951B-447C-887C-1366A1059586}
	EndGlobalSection
	GlobalSection(ExtensibilityGlobals) = postSolution
		SolutionGuid = {97483793-5607-46C0-9C21-9B5870AA3C2C}
	EndGlobalSection
EndGlobal
